
Microsoft Visual Studio Solution File, Format Version 12.00
# Visual Studio Version 16
VisualStudioVersion = 16.0.30804.86
MinimumVisualStudioVersion = 10.0.40219.1
Project("{FAE04EC0-301F-11D3-BF4B-00C04F79EFBC}") = "GameKampHom", "GameKampHom\GameKampHom.csproj", "{FAA097C5-4AAA-4ADD-81CF-F89C0C352524}"
EndProject
Global
	GlobalSection(SolutionConfigurationPlatforms) = preSolution
		Debug|Any CPU = Debug|Any CPU
		Release|Any CPU = Release|Any CPU
	EndGlobalSection
	GlobalSection(ProjectConfigurationPlatforms) = postSolution
		{FAA097C5-4AAA-4ADD-81CF-F89C0C352524}.Debug|Any CPU.ActiveCfg = Debug|Any CPU
		{FAA097C5-4AAA-4ADD-81CF-F89C0C352524}.Debug|Any CPU.Build.0 = Debug|Any CPU
		{FAA097C5-4AAA-4ADD-81CF-F89C0C352524}.Release|Any CPU.ActiveCfg = Release|Any CPU
		{FAA097C5-4AAA-4ADD-81CF-F89C0C352524}.Release|Any CPU.Build.0 = Release|Any CPU
	EndGlobalSection
	GlobalSection(SolutionProperties) = preSolution
		HideSolutionNode = FALSE
	EndGlobalSection
	GlobalSection(ExtensibilityGlobals) = postSolution
		SolutionGuid = {C11C0AB5-FE44-4177-B18A-FC33C5A6FA49}
	EndGlobalSection
EndGlobal
